<?xml version="1.0" encoding="UTF-8"?>
<CONFIG>
  <ProjectOptions>
    <Version Value="9"/>
    <PathDelim Value="\"/>
    <General>
      <MainUnit Value="0"/>
      <Title Value="iBiblia"/>
      <UseXPManifest Value="True"/>
      <Icon Value="0"/>
    </General>
    <VersionInfo>
      <UseVersionInfo Value="True"/>
      <AutoIncrementBuild Value="True"/>
      <MajorVersionNr Value="1"/>
      <BuildNr Value="42"/>
      <Language Value="0416"/>
      <StringTable CompanyName="Rúbio R. C. Terra (rubio.terra@gmail.com)" FileDescription="Ferramenta para associação de textos bíblicos" ProductName="iBiblia" ProductVersion="0.0.0.0"/>
    </VersionInfo>
    <BuildModes Count="4" Active="Debug32">
      <Item1 Name="Debug" Default="True"/>
      <Item2 Name="Release">
        <CompilerOptions>
          <Version Value="11"/>
          <PathDelim Value="\"/>
          <Target>
            <Filename Value="iBiblia"/>
          </Target>
          <SearchPaths>
            <IncludeFiles Value="$(ProjOutDir)"/>
            <OtherUnitFiles Value="$(LazarusDir)\components\custom"/>
            <UnitOutputDirectory Value="lib\$(TargetCPU)-$(TargetOS)"/>
          </SearchPaths>
          <CodeGeneration>
            <TargetCPU Value="x86_64"/>
            <TargetOS Value="linux"/>
            <Optimizations>
              <OptimizationLevel Value="3"/>
            </Optimizations>
          </CodeGeneration>
          <Linking>
            <Debugging>
              <GenerateDebugInfo Value="False"/>
              <UseLineInfoUnit Value="False"/>
            </Debugging>
            <Options>
              <Win32>
                <GraphicApplication Value="True"/>
              </Win32>
            </Options>
          </Linking>
        </CompilerOptions>
      </Item2>
      <Item3 Name="Debug32">
        <CompilerOptions>
          <Version Value="11"/>
          <PathDelim Value="\"/>
          <Target>
            <Filename Value="iBiblia"/>
          </Target>
          <SearchPaths>
            <IncludeFiles Value="$(ProjOutDir)"/>
            <Libraries Value="\usr\lib64"/>
            <UnitOutputDirectory Value="lib\$(TargetCPU)-$(TargetOS)"/>
          </SearchPaths>
          <CodeGeneration>
            <TargetCPU Value="i386"/>
          </CodeGeneration>
          <Linking>
            <Debugging>
              <DebugInfoType Value="dsDwarf2Set"/>
            </Debugging>
            <Options>
              <Win32>
                <GraphicApplication Value="True"/>
              </Win32>
            </Options>
          </Linking>
        </CompilerOptions>
      </Item3>
      <Item4 Name="Release32">
        <CompilerOptions>
          <Version Value="11"/>
          <PathDelim Value="\"/>
          <Target>
            <Filename Value="iBiblia"/>
          </Target>
          <SearchPaths>
            <IncludeFiles Value="$(ProjOutDir)"/>
            <Libraries Value="\usr\lib64"/>
            <UnitOutputDirectory Value="lib\$(TargetCPU)-$(TargetOS)"/>
          </SearchPaths>
          <CodeGeneration>
            <TargetCPU Value="i386"/>
            <Optimizations>
              <OptimizationLevel Value="4"/>
            </Optimizations>
          </CodeGeneration>
          <Linking>
            <Debugging>
              <GenerateDebugInfo Value="False"/>
              <DebugInfoType Value="dsDwarf2Set"/>
            </Debugging>
            <Options>
              <Win32>
                <GraphicApplication Value="True"/>
              </Win32>
            </Options>
          </Linking>
        </CompilerOptions>
      </Item4>
    </BuildModes>
    <PublishOptions>
      <Version Value="2"/>
      <IncludeFileFilter Value="*.(pas|pp|inc|lfm|lpr|lrs|lpi|lpk|sh|xml)"/>
      <ExcludeFileFilter Value="*.(bak|ppu|o|so);*~;backup"/>
    </PublishOptions>
    <RunParams>
      <local>
        <FormatVersion Value="1"/>
        <LaunchingApplication PathPlusParams="\usr\X11R6\bin\xterm -T 'Lazarus Run Output' -e $(LazarusDir)\tools\runwait.sh $(TargetCmdLine)"/>
      </local>
    </RunParams>
    <RequiredPackages Count="2">
      <Item1>
        <PackageName Value="LCLBase"/>
        <MinVersion Major="1" Release="1" Valid="True"/>
      </Item1>
      <Item2>
        <PackageName Value="LCL"/>
      </Item2>
    </RequiredPackages>
    <Units Count="34">
      <Unit0>
        <Filename Value="iBiblia.lpr"/>
        <IsPartOfProject Value="True"/>
        <EditorIndex Value="1"/>
        <WindowIndex Value="1"/>
        <CursorPos Y="25"/>
        <UsageCount Value="207"/>
        <Loaded Value="True"/>
      </Unit0>
      <Unit1>
        <Filename Value="formprincipal.pas"/>
        <IsPartOfProject Value="True"/>
        <ComponentName Value="frmPrincipal"/>
        <HasResources Value="True"/>
        <ResourceBaseClass Value="Form"/>
        <UnitName Value="formPrincipal"/>
        <EditorIndex Value="4"/>
        <WindowIndex Value="1"/>
        <UsageCount Value="207"/>
        <Loaded Value="True"/>
        <LoadedDesigner Value="True"/>
      </Unit1>
      <Unit2>
        <Filename Value="versiculo.pas"/>
        <IsPartOfProject Value="True"/>
        <UnitName Value="Versiculo"/>
        <EditorIndex Value="7"/>
        <WindowIndex Value="1"/>
        <TopLine Value="1357"/>
        <CursorPos Y="1373"/>
        <ExtraEditorCount Value="1"/>
        <ExtraEditor1>
          <WindowIndex Value="1"/>
          <TopLine Value="287"/>
          <CursorPos Y="25"/>
        </ExtraEditor1>
        <UsageCount Value="207"/>
        <Loaded Value="True"/>
      </Unit2>
      <Unit3>
        <Filename Value="ibibliaxml.pas"/>
        <IsPartOfProject Value="True"/>
        <UnitName Value="iBibliaXML"/>
        <EditorIndex Value="10"/>
        <WindowIndex Value="1"/>
        <TopLine Value="260"/>
        <CursorPos X="78" Y="267"/>
        <UsageCount Value="207"/>
        <Loaded Value="True"/>
      </Unit3>
      <Unit4>
        <Filename Value="projeto.pas"/>
        <IsPartOfProject Value="True"/>
        <UnitName Value="Projeto"/>
        <IsVisibleTab Value="True"/>
        <EditorIndex Value="6"/>
        <WindowIndex Value="1"/>
        <TopLine Value="1411"/>
        <CursorPos Y="1426"/>
        <ExtraEditorCount Value="1"/>
        <ExtraEditor1>
          <EditorIndex Value="-1"/>
          <WindowIndex Value="-1"/>
        </ExtraEditor1>
        <UsageCount Value="207"/>
        <Loaded Value="True"/>
      </Unit4>
      <Unit5>
        <Filename Value="sugestao.pas"/>
        <IsPartOfProject Value="True"/>
        <UnitName Value="Sugestao"/>
        <EditorIndex Value="9"/>
        <WindowIndex Value="1"/>
        <TopLine Value="262"/>
        <CursorPos X="9" Y="281"/>
        <UsageCount Value="207"/>
        <Loaded Value="True"/>
      </Unit5>
      <Unit6>
        <Filename Value="C:\lazarus\fpc\2.4.3\source\packages\fcl-db\src\base\db.pas"/>
        <TopLine Value="1954"/>
        <CursorPos Y="1980"/>
        <UsageCount Value="12"/>
      </Unit6>
      <Unit7>
        <Filename Value="C:\lazarus\fpc\2.4.3\source\packages\fcl-db\src\base\dataset.inc"/>
        <TopLine Value="1997"/>
        <CursorPos Y="2024"/>
        <UsageCount Value="8"/>
      </Unit7>
      <Unit8>
        <Filename Value="formnovoprojeto.pas"/>
        <IsPartOfProject Value="True"/>
        <ComponentName Value="FormNovoProjeto"/>
        <HasResources Value="True"/>
        <ResourceBaseClass Value="Form"/>
        <UsageCount Value="205"/>
      </Unit8>
      <Unit9>
        <Filename Value="C:\lazarus\lcl\graphics.pp"/>
        <TopLine Value="281"/>
        <CursorPos X="14" Y="296"/>
        <UsageCount Value="8"/>
      </Unit9>
      <Unit10>
        <Filename Value="formpopup.pas"/>
        <IsPartOfProject Value="True"/>
        <ComponentName Value="frmDictionaryPopup"/>
        <HasResources Value="True"/>
        <ResourceBaseClass Value="Form"/>
        <EditorIndex Value="13"/>
        <WindowIndex Value="1"/>
        <CursorPos X="11" Y="10"/>
        <UsageCount Value="201"/>
        <Loaded Value="True"/>
        <LoadedDesigner Value="True"/>
      </Unit10>
      <Unit11>
        <Filename Value="rtfedit.pas"/>
        <IsPartOfProject Value="True"/>
        <UnitName Value="RTFEdit"/>
        <EditorIndex Value="17"/>
        <WindowIndex Value="1"/>
        <TopLine Value="55"/>
        <CursorPos X="21" Y="55"/>
        <UsageCount Value="201"/>
        <Loaded Value="True"/>
      </Unit11>
      <Unit12>
        <Filename Value="C:\lazarus\components\synedit\syncompletion.pas"/>
        <TopLine Value="10"/>
        <UsageCount Value="28"/>
      </Unit12>
      <Unit13>
        <Filename Value="C:\lazarus\ide\codecontextform.pas"/>
        <TopLine Value="792"/>
        <CursorPos X="3" Y="742"/>
        <UsageCount Value="28"/>
      </Unit13>
      <Unit14>
        <Filename Value="C:\lazarus\lcl\include\control.inc"/>
        <TopLine Value="1669"/>
        <CursorPos Y="1684"/>
        <UsageCount Value="25"/>
      </Unit14>
      <Unit15>
        <Filename Value="C:\lazarus\fpc\2.4.3\source\packages\fcl-db\src\base\fields.inc"/>
        <TopLine Value="2391"/>
        <CursorPos Y="2418"/>
        <UsageCount Value="8"/>
      </Unit15>
      <Unit16>
        <Filename Value="formpropprojeto.pas"/>
        <IsPartOfProject Value="True"/>
        <ComponentName Value="FormPropProjeto"/>
        <HasResources Value="True"/>
        <ResourceBaseClass Value="Form"/>
        <EditorIndex Value="12"/>
        <WindowIndex Value="1"/>
        <TopLine Value="31"/>
        <CursorPos X="19" Y="60"/>
        <UsageCount Value="204"/>
        <Loaded Value="True"/>
        <LoadedDesigner Value="True"/>
      </Unit16>
      <Unit17>
        <Filename Value="C:\lazarus\lcl\lclproc.pas"/>
        <TopLine Value="301"/>
        <CursorPos X="31" Y="346"/>
        <UsageCount Value="40"/>
      </Unit17>
      <Unit18>
        <Filename Value="memoversiculo.pas"/>
        <IsPartOfProject Value="True"/>
        <UnitName Value="MemoVersiculo"/>
        <EditorIndex Value="11"/>
        <WindowIndex Value="1"/>
        <CursorPos X="57" Y="8"/>
        <UsageCount Value="224"/>
        <Loaded Value="True"/>
      </Unit18>
      <Unit19>
        <Filename Value="pcre_dll.pas"/>
        <EditorIndex Value="3"/>
        <WindowIndex Value="1"/>
        <TopLine Value="25"/>
        <CursorPos X="51" Y="45"/>
        <UsageCount Value="60"/>
        <Loaded Value="True"/>
      </Unit19>
      <Unit20>
        <Filename Value="PCRE.pas"/>
        <IsPartOfProject Value="True"/>
        <EditorIndex Value="2"/>
        <WindowIndex Value="1"/>
        <TopLine Value="48"/>
        <CursorPos X="7" Y="57"/>
        <UsageCount Value="208"/>
        <Loaded Value="True"/>
      </Unit20>
      <Unit21>
        <Filename Value="formexportar.pas"/>
        <IsPartOfProject Value="True"/>
        <ComponentName Value="frmExportarProjeto"/>
        <HasResources Value="True"/>
        <ResourceBaseClass Value="Form"/>
        <EditorIndex Value="15"/>
        <WindowIndex Value="1"/>
        <TopLine Value="20"/>
        <CursorPos X="21" Y="49"/>
        <UsageCount Value="203"/>
        <Loaded Value="True"/>
        <LoadedDesigner Value="True"/>
      </Unit21>
      <Unit22>
        <Filename Value="exportarprojeto.pas"/>
        <IsPartOfProject Value="True"/>
        <UnitName Value="ExportarProjeto"/>
        <EditorIndex Value="8"/>
        <WindowIndex Value="1"/>
        <TopLine Value="79"/>
        <UsageCount Value="203"/>
        <Loaded Value="True"/>
      </Unit22>
      <Unit23>
        <Filename Value="formmesclarprojetos.pas"/>
        <IsPartOfProject Value="True"/>
        <ComponentName Value="FrmMesclarProjetos"/>
        <HasResources Value="True"/>
        <ResourceBaseClass Value="Form"/>
        <EditorIndex Value="16"/>
        <WindowIndex Value="1"/>
        <CursorPos X="21" Y="30"/>
        <UsageCount Value="213"/>
        <Loaded Value="True"/>
        <LoadedDesigner Value="True"/>
      </Unit23>
      <Unit24>
        <Filename Value="C:\lazarus\fpc\2.6.2\source\rtl\objpas\strutils.pp"/>
        <TopLine Value="203"/>
        <CursorPos Y="14"/>
        <UsageCount Value="53"/>
      </Unit24>
      <Unit25>
        <Filename Value="C:\lazarus\fpc\2.6.2\source\rtl\objpas\classes\classesh.inc"/>
        <TopLine Value="315"/>
        <CursorPos X="42" Y="330"/>
        <UsageCount Value="3"/>
      </Unit25>
      <Unit26>
        <Filename Value="formverserules.pas"/>
        <IsPartOfProject Value="True"/>
        <ComponentName Value="FrmEscolherVerseRules"/>
        <HasResources Value="True"/>
        <ResourceBaseClass Value="Form"/>
        <EditorIndex Value="14"/>
        <WindowIndex Value="1"/>
        <TopLine Value="73"/>
        <CursorPos X="32" Y="83"/>
        <UsageCount Value="170"/>
        <Loaded Value="True"/>
        <LoadedDesigner Value="True"/>
      </Unit26>
      <Unit27>
        <Filename Value="C:\lazarus\fpc\2.6.4\source\rtl\win\wininc\ascdef.inc"/>
        <EditorIndex Value="-1"/>
        <WindowIndex Value="1"/>
        <TopLine Value="164"/>
        <CursorPos X="10" Y="183"/>
        <UsageCount Value="9"/>
      </Unit27>
      <Unit28>
        <Filename Value="C:\lazarus\fpc\2.6.4\source\rtl\win\wininc\base.inc"/>
        <EditorIndex Value="-1"/>
        <WindowIndex Value="1"/>
        <TopLine Value="80"/>
        <CursorPos X="6" Y="99"/>
        <UsageCount Value="9"/>
      </Unit28>
      <Unit29>
        <Filename Value="C:\lazarus\fpc\2.6.4\source\rtl\win\sysosh.inc"/>
        <EditorIndex Value="-1"/>
        <WindowIndex Value="1"/>
        <TopLine Value="3"/>
        <CursorPos X="3" Y="22"/>
        <UsageCount Value="9"/>
      </Unit29>
      <Unit30>
        <Filename Value="twAutomate.pas"/>
        <EditorIndex Value="5"/>
        <WindowIndex Value="1"/>
        <TopLine Value="19"/>
        <CursorPos Y="54"/>
        <UsageCount Value="18"/>
        <Loaded Value="True"/>
      </Unit30>
      <Unit31>
        <Filename Value="C:\lazarus\fpc\2.6.4\source\rtl\objpas\sysutils\sysstrh.inc"/>
        <EditorIndex Value="-1"/>
        <WindowIndex Value="1"/>
        <TopLine Value="202"/>
        <CursorPos X="10" Y="221"/>
        <UsageCount Value="9"/>
      </Unit31>
      <Unit32>
        <Filename Value="C:\lazarus\fpc\2.6.4\source\rtl\objpas\sysutils\sysstr.inc"/>
        <EditorIndex Value="-1"/>
        <WindowIndex Value="1"/>
        <TopLine Value="2959"/>
        <CursorPos X="5" Y="2999"/>
        <UsageCount Value="9"/>
      </Unit32>
      <Unit33>
        <Filename Value="C:\tools\lazarus\components\lazutils\lazutf8.pas"/>
        <UnitName Value="LazUTF8"/>
        <EditorIndex Value="-1"/>
        <WindowIndex Value="1"/>
        <UsageCount Value="10"/>
      </Unit33>
    </Units>
    <JumpHistory Count="30" HistoryIndex="29">
      <Position1>
        <Filename Value="versiculo.pas"/>
        <Caret Line="1376" Column="79" TopLine="1356"/>
      </Position1>
      <Position2>
        <Filename Value="projeto.pas"/>
        <Caret Line="1637" Column="49" TopLine="1627"/>
      </Position2>
      <Position3>
        <Filename Value="projeto.pas"/>
        <Caret Line="1401" Column="25" TopLine="1395"/>
      </Position3>
      <Position4>
        <Filename Value="projeto.pas"/>
        <Caret Line="1447" Column="44" TopLine="1417"/>
      </Position4>
      <Position5>
        <Filename Value="projeto.pas"/>
        <Caret Line="1446" Column="75" TopLine="1431"/>
      </Position5>
      <Position6>
        <Filename Value="projeto.pas"/>
        <Caret Line="1448" TopLine="1433"/>
      </Position6>
      <Position7>
        <Filename Value="projeto.pas"/>
        <Caret Line="1447" TopLine="1407"/>
      </Position7>
      <Position8>
        <Filename Value="sugestao.pas"/>
        <Caret Line="229" Column="18" TopLine="222"/>
      </Position8>
      <Position9>
        <Filename Value="projeto.pas"/>
        <Caret Line="1433" Column="36" TopLine="1407"/>
      </Position9>
      <Position10>
        <Filename Value="projeto.pas"/>
        <Caret Line="511" Column="10" TopLine="504"/>
      </Position10>
      <Position11>
        <Filename Value="projeto.pas"/>
        <Caret Line="555" Column="3" TopLine="553"/>
      </Position11>
      <Position12>
        <Filename Value="projeto.pas"/>
        <Caret Line="506" Column="3" TopLine="504"/>
      </Position12>
      <Position13>
        <Filename Value="projeto.pas"/>
        <Caret Line="589" TopLine="573"/>
      </Position13>
      <Position14>
        <Filename Value="projeto.pas"/>
        <Caret Line="1430" TopLine="1415"/>
      </Position14>
      <Position15>
        <Filename Value="projeto.pas"/>
        <Caret Line="506" Column="3" TopLine="504"/>
      </Position15>
      <Position16>
        <Filename Value="projeto.pas"/>
        <Caret Line="584" Column="3" TopLine="573"/>
      </Position16>
      <Position17>
        <Filename Value="projeto.pas"/>
        <Caret Line="1429" TopLine="1413"/>
      </Position17>
      <Position18>
        <Filename Value="projeto.pas"/>
        <Caret Line="1639" Column="16" TopLine="1631"/>
      </Position18>
      <Position19>
        <Filename Value="projeto.pas"/>
        <Caret Line="1704" Column="16" TopLine="1677"/>
      </Position19>
      <Position20>
        <Filename Value="projeto.pas"/>
        <Caret Line="1736" Column="16" TopLine="1708"/>
      </Position20>
      <Position21>
        <Filename Value="projeto.pas"/>
        <Caret Line="1789" Column="16" TopLine="1762"/>
      </Position21>
      <Position22>
        <Filename Value="projeto.pas"/>
        <Caret Line="1845" Column="16" TopLine="1818"/>
      </Position22>
      <Position23>
        <Filename Value="projeto.pas"/>
        <Caret Line="1895" Column="16" TopLine="1868"/>
      </Position23>
      <Position24>
        <Filename Value="projeto.pas"/>
        <Caret Line="63" Column="16" TopLine="46"/>
      </Position24>
      <Position25>
        <Filename Value="projeto.pas"/>
        <Caret Line="1326" Column="21" TopLine="1316"/>
      </Position25>
      <Position26>
        <Filename Value="projeto.pas"/>
        <Caret Line="1334" Column="21" TopLine="1316"/>
      </Position26>
      <Position27>
        <Filename Value="projeto.pas"/>
        <Caret Line="1342" Column="21" TopLine="1316"/>
      </Position27>
      <Position28>
        <Filename Value="projeto.pas"/>
        <Caret Line="1350" Column="21" TopLine="1322"/>
      </Position28>
      <Position29>
        <Filename Value="projeto.pas"/>
        <Caret Line="1639" Column="5" TopLine="1611"/>
      </Position29>
      <Position30>
        <Filename Value="iBiblia.lpr"/>
        <Caret Line="25"/>
      </Position30>
    </JumpHistory>
  </ProjectOptions>
  <CompilerOptions>
    <Version Value="11"/>
    <PathDelim Value="\"/>
    <Target>
      <Filename Value="iBiblia"/>
    </Target>
    <SearchPaths>
      <IncludeFiles Value="$(ProjOutDir)"/>
      <Libraries Value="\usr\lib64"/>
      <UnitOutputDirectory Value="lib\$(TargetCPU)-$(TargetOS)"/>
    </SearchPaths>
    <CodeGeneration>
      <TargetCPU Value="x86_64"/>
    </CodeGeneration>
    <Linking>
      <Debugging>
        <DebugInfoType Value="dsDwarf2Set"/>
      </Debugging>
      <Options>
        <Win32>
          <GraphicApplication Value="True"/>
        </Win32>
      </Options>
    </Linking>
  </CompilerOptions>
  <Debugging>
    <BreakPoints Count="2">
      <Item1>
        <Kind Value="bpkSource"/>
        <WatchScope Value="wpsLocal"/>
        <WatchKind Value="wpkWrite"/>
        <Source Value="PCRE.pas"/>
        <Line Value="1709"/>
      </Item1>
      <Item2>
        <Kind Value="bpkSource"/>
        <WatchScope Value="wpsLocal"/>
        <WatchKind Value="wpkWrite"/>
        <Source Value="projeto.pas"/>
        <Line Value="1426"/>
      </Item2>
    </BreakPoints>
    <Watches Count="3">
      <Item1>
        <Expression Value="result"/>
      </Item1>
      <Item2>
        <Expression Value="a"/>
      </Item2>
      <Item3>
        <Expression Value="b"/>
      </Item3>
    </Watches>
    <Exceptions Count="4">
      <Item1>
        <Name Value="EAbort"/>
      </Item1>
      <Item2>
        <Name Value="ECodetoolError"/>
      </Item2>
      <Item3>
        <Name Value="EFOpenError"/>
      </Item3>
      <Item4>
        <Name Value="EConvertError"/>
      </Item4>
    </Exceptions>
  </Debugging>
</CONFIG>
