<?xml version="1.0" encoding="UTF-8"?>
<CONFIG>
  <ProjectOptions>
    <Version Value="10"/>
    <PathDelim Value="\"/>
    <General>
      <MainUnit Value="0"/>
      <Title Value="iBiblia"/>
      <UseXPManifest Value="True"/>
      <XPManifest>
        <DpiAware Value="True"/>
      </XPManifest>
      <Icon Value="0"/>
    </General>
    <i18n>
      <EnableI18N Value="True"/>
      <OutDir Value="languages"/>
    </i18n>
    <VersionInfo>
      <UseVersionInfo Value="True"/>
      <AutoIncrementBuild Value="True"/>
      <MajorVersionNr Value="1"/>
      <BuildNr Value="47"/>
      <Language Value="0416"/>
      <StringTable CompanyName="Rúbio R. C. Terra (rubio.terra@gmail.com)" FileDescription="Ferramenta para associação de textos bíblicos" ProductName="iBiblia" ProductVersion="0.0.0.0"/>
    </VersionInfo>
    <BuildModes Count="4" Active="Debug32">
      <Item1 Name="Debug" Default="True"/>
      <Item2 Name="Release">
        <CompilerOptions>
          <Version Value="11"/>
          <PathDelim Value="\"/>
          <Target>
            <Filename Value="iBiblia"/>
          </Target>
          <SearchPaths>
            <IncludeFiles Value="$(ProjOutDir)"/>
            <OtherUnitFiles Value="$(LazarusDir)\components\custom"/>
            <UnitOutputDirectory Value="lib\$(TargetCPU)-$(TargetOS)"/>
          </SearchPaths>
          <CodeGeneration>
            <TargetCPU Value="x86_64"/>
            <TargetOS Value="linux"/>
            <Optimizations>
              <OptimizationLevel Value="3"/>
            </Optimizations>
          </CodeGeneration>
          <Linking>
            <Debugging>
              <GenerateDebugInfo Value="False"/>
              <UseLineInfoUnit Value="False"/>
            </Debugging>
            <Options>
              <Win32>
                <GraphicApplication Value="True"/>
              </Win32>
            </Options>
          </Linking>
        </CompilerOptions>
      </Item2>
      <Item3 Name="Debug32">
        <CompilerOptions>
          <Version Value="11"/>
          <PathDelim Value="\"/>
          <Target>
            <Filename Value="iBiblia"/>
          </Target>
          <SearchPaths>
            <IncludeFiles Value="$(ProjOutDir)"/>
            <UnitOutputDirectory Value="lib\$(TargetCPU)-$(TargetOS)"/>
          </SearchPaths>
          <CodeGeneration>
            <TargetProcessor Value="80386"/>
            <TargetCPU Value="i386"/>
            <TargetOS Value="win32"/>
          </CodeGeneration>
          <Linking>
            <Debugging>
              <DebugInfoType Value="dsDwarf2Set"/>
            </Debugging>
            <Options>
              <Win32>
                <GraphicApplication Value="True"/>
              </Win32>
            </Options>
          </Linking>
        </CompilerOptions>
      </Item3>
      <Item4 Name="Release32">
        <CompilerOptions>
          <Version Value="11"/>
          <PathDelim Value="\"/>
          <Target>
            <Filename Value="iBiblia"/>
          </Target>
          <SearchPaths>
            <IncludeFiles Value="$(ProjOutDir)"/>
            <Libraries Value="\usr\lib64"/>
            <UnitOutputDirectory Value="lib\$(TargetCPU)-$(TargetOS)"/>
          </SearchPaths>
          <CodeGeneration>
            <TargetCPU Value="i386"/>
            <Optimizations>
              <OptimizationLevel Value="4"/>
            </Optimizations>
          </CodeGeneration>
          <Linking>
            <Debugging>
              <GenerateDebugInfo Value="False"/>
              <DebugInfoType Value="dsDwarf2Set"/>
            </Debugging>
            <Options>
              <Win32>
                <GraphicApplication Value="True"/>
              </Win32>
            </Options>
          </Linking>
        </CompilerOptions>
      </Item4>
    </BuildModes>
    <PublishOptions>
      <Version Value="2"/>
      <IncludeFileFilter Value="*.(pas|pp|inc|lfm|lpr|lrs|lpi|lpk|sh|xml)"/>
      <ExcludeFileFilter Value="*.(bak|ppu|o|so);*~;backup"/>
    </PublishOptions>
    <RunParams>
      <local>
        <FormatVersion Value="1"/>
        <CommandLineParams Value="--debug-log=log.txt"/>
        <LaunchingApplication PathPlusParams="\usr\X11R6\bin\xterm -T 'Lazarus Run Output' -e $(LazarusDir)\tools\runwait.sh $(TargetCmdLine)"/>
      </local>
    </RunParams>
    <RequiredPackages Count="2">
      <Item1>
        <PackageName Value="LCLBase"/>
        <MinVersion Major="1" Release="1" Valid="True"/>
      </Item1>
      <Item2>
        <PackageName Value="LCL"/>
      </Item2>
    </RequiredPackages>
    <Units Count="38">
      <Unit0>
        <Filename Value="iBiblia.lpr"/>
        <IsPartOfProject Value="True"/>
        <WindowIndex Value="1"/>
        <CursorPos Y="25"/>
        <UsageCount Value="207"/>
        <Loaded Value="True"/>
      </Unit0>
      <Unit1>
        <Filename Value="formprincipal.pas"/>
        <IsPartOfProject Value="True"/>
        <ComponentName Value="frmPrincipal"/>
        <HasResources Value="True"/>
        <ResourceBaseClass Value="Form"/>
        <UnitName Value="formPrincipal"/>
        <EditorIndex Value="2"/>
        <WindowIndex Value="1"/>
        <TopLine Value="339"/>
        <CursorPos Y="357"/>
        <UsageCount Value="207"/>
        <Loaded Value="True"/>
        <LoadedDesigner Value="True"/>
      </Unit1>
      <Unit2>
        <Filename Value="versiculo.pas"/>
        <IsPartOfProject Value="True"/>
        <UnitName Value="Versiculo"/>
        <IsVisibleTab Value="True"/>
        <EditorIndex Value="10"/>
        <WindowIndex Value="1"/>
        <TopLine Value="182"/>
        <CursorPos X="29" Y="195"/>
        <ExtraEditorCount Value="1"/>
        <ExtraEditor1>
          <EditorIndex Value="-1"/>
          <WindowIndex Value="1"/>
          <TopLine Value="580"/>
          <CursorPos Y="597"/>
        </ExtraEditor1>
        <UsageCount Value="207"/>
        <Loaded Value="True"/>
      </Unit2>
      <Unit3>
        <Filename Value="ibibliaxml.pas"/>
        <UnitName Value="ONTTokenizer"/>
        <EditorIndex Value="-1"/>
        <WindowIndex Value="1"/>
        <CursorPos X="18"/>
        <UsageCount Value="130"/>
      </Unit3>
      <Unit4>
        <Filename Value="projeto.pas"/>
        <IsPartOfProject Value="True"/>
        <UnitName Value="Projeto"/>
        <EditorIndex Value="6"/>
        <WindowIndex Value="1"/>
        <TopLine Value="72"/>
        <CursorPos X="13" Y="89"/>
        <ExtraEditorCount Value="1"/>
        <ExtraEditor1>
          <EditorIndex Value="-1"/>
          <WindowIndex Value="-1"/>
        </ExtraEditor1>
        <UsageCount Value="207"/>
        <Loaded Value="True"/>
      </Unit4>
      <Unit5>
        <Filename Value="sugestao.pas"/>
        <IsPartOfProject Value="True"/>
        <UnitName Value="Sugestao"/>
        <EditorIndex Value="18"/>
        <WindowIndex Value="1"/>
        <TopLine Value="406"/>
        <CursorPos X="3" Y="413"/>
        <UsageCount Value="207"/>
        <Loaded Value="True"/>
      </Unit5>
      <Unit6>
        <Filename Value="formnovoprojeto.pas"/>
        <IsPartOfProject Value="True"/>
        <ComponentName Value="FormNovoProjeto"/>
        <HasResources Value="True"/>
        <ResourceBaseClass Value="Form"/>
        <EditorIndex Value="16"/>
        <WindowIndex Value="1"/>
        <TopLine Value="82"/>
        <CursorPos X="13" Y="84"/>
        <UsageCount Value="205"/>
        <Loaded Value="True"/>
        <LoadedDesigner Value="True"/>
      </Unit6>
      <Unit7>
        <Filename Value="formpopup.pas"/>
        <IsPartOfProject Value="True"/>
        <ComponentName Value="frmDictionaryPopup"/>
        <HasResources Value="True"/>
        <ResourceBaseClass Value="Form"/>
        <EditorIndex Value="15"/>
        <WindowIndex Value="1"/>
        <TopLine Value="61"/>
        <CursorPos X="13" Y="93"/>
        <UsageCount Value="201"/>
        <Loaded Value="True"/>
        <LoadedDesigner Value="True"/>
      </Unit7>
      <Unit8>
        <Filename Value="rtfedit.pas"/>
        <IsPartOfProject Value="True"/>
        <UnitName Value="RTFEdit"/>
        <EditorIndex Value="21"/>
        <WindowIndex Value="1"/>
        <TopLine Value="210"/>
        <CursorPos Y="139"/>
        <UsageCount Value="201"/>
        <Loaded Value="True"/>
      </Unit8>
      <Unit9>
        <Filename Value="formpropprojeto.pas"/>
        <IsPartOfProject Value="True"/>
        <ComponentName Value="FormPropProjeto"/>
        <HasResources Value="True"/>
        <ResourceBaseClass Value="Form"/>
        <EditorIndex Value="20"/>
        <WindowIndex Value="1"/>
        <TopLine Value="49"/>
        <CursorPos Y="59"/>
        <UsageCount Value="204"/>
        <Loaded Value="True"/>
        <LoadedDesigner Value="True"/>
      </Unit9>
      <Unit10>
        <Filename Value="memoversiculo.pas"/>
        <IsPartOfProject Value="True"/>
        <UnitName Value="MemoVersiculo"/>
        <EditorIndex Value="19"/>
        <WindowIndex Value="1"/>
        <TopLine Value="39"/>
        <CursorPos Y="53"/>
        <UsageCount Value="224"/>
        <Loaded Value="True"/>
      </Unit10>
      <Unit11>
        <Filename Value="pcre_dll.pas"/>
        <EditorIndex Value="-1"/>
        <WindowIndex Value="1"/>
        <TopLine Value="25"/>
        <CursorPos X="51" Y="45"/>
        <UsageCount Value="3"/>
      </Unit11>
      <Unit12>
        <Filename Value="PCRE.pas"/>
        <IsPartOfProject Value="True"/>
        <EditorIndex Value="1"/>
        <WindowIndex Value="1"/>
        <TopLine Value="72"/>
        <CursorPos X="3" Y="87"/>
        <UsageCount Value="208"/>
        <Loaded Value="True"/>
      </Unit12>
      <Unit13>
        <Filename Value="formexportar.pas"/>
        <IsPartOfProject Value="True"/>
        <ComponentName Value="frmExportarProjeto"/>
        <HasResources Value="True"/>
        <ResourceBaseClass Value="Form"/>
        <EditorIndex Value="7"/>
        <WindowIndex Value="1"/>
        <TopLine Value="49"/>
        <CursorPos Y="64"/>
        <UsageCount Value="203"/>
        <Loaded Value="True"/>
        <LoadedDesigner Value="True"/>
      </Unit13>
      <Unit14>
        <Filename Value="exportarprojeto.pas"/>
        <IsPartOfProject Value="True"/>
        <UnitName Value="ExportarProjeto"/>
        <EditorIndex Value="17"/>
        <WindowIndex Value="1"/>
        <TopLine Value="362"/>
        <CursorPos X="29" Y="284"/>
        <UsageCount Value="203"/>
        <Loaded Value="True"/>
      </Unit14>
      <Unit15>
        <Filename Value="formmesclarprojetos.pas"/>
        <IsPartOfProject Value="True"/>
        <ComponentName Value="FrmMesclarProjetos"/>
        <HasResources Value="True"/>
        <ResourceBaseClass Value="Form"/>
        <EditorIndex Value="23"/>
        <WindowIndex Value="1"/>
        <CursorPos X="21" Y="30"/>
        <UsageCount Value="213"/>
        <Loaded Value="True"/>
        <LoadedDesigner Value="True"/>
      </Unit15>
      <Unit16>
        <Filename Value="formverserules.pas"/>
        <IsPartOfProject Value="True"/>
        <ComponentName Value="FrmEscolherVerseRules"/>
        <HasResources Value="True"/>
        <ResourceBaseClass Value="Form"/>
        <EditorIndex Value="22"/>
        <WindowIndex Value="1"/>
        <CursorPos X="42" Y="9"/>
        <UsageCount Value="228"/>
        <Loaded Value="True"/>
      </Unit16>
      <Unit17>
        <Filename Value="twAutomate.pas"/>
        <IsPartOfProject Value="True"/>
        <EditorIndex Value="4"/>
        <WindowIndex Value="1"/>
        <TopLine Value="71"/>
        <CursorPos X="50" Y="179"/>
        <UsageCount Value="232"/>
        <Loaded Value="True"/>
      </Unit17>
      <Unit18>
        <Filename Value="twsyncthread.pas"/>
        <IsPartOfProject Value="True"/>
        <UnitName Value="twSyncThread"/>
        <EditorIndex Value="5"/>
        <WindowIndex Value="1"/>
        <TopLine Value="17"/>
        <CursorPos Y="44"/>
        <UsageCount Value="212"/>
        <Loaded Value="True"/>
      </Unit18>
      <Unit19>
        <Filename Value="C:\tools\lazarus\components\lazutils\lazutf8.pas"/>
        <UnitName Value="LazUTF8"/>
        <EditorIndex Value="-1"/>
        <WindowIndex Value="1"/>
        <TopLine Value="93"/>
        <CursorPos X="23" Y="122"/>
        <UsageCount Value="43"/>
      </Unit19>
      <Unit20>
        <Filename Value="onttokenizer.pas"/>
        <IsPartOfProject Value="True"/>
        <UnitName Value="ONTTokenizer"/>
        <EditorIndex Value="8"/>
        <WindowIndex Value="1"/>
        <CursorPos X="95" Y="14"/>
        <UsageCount Value="202"/>
        <Loaded Value="True"/>
      </Unit20>
      <Unit21>
        <Filename Value="ontparser.pas"/>
        <IsPartOfProject Value="True"/>
        <UnitName Value="ONTParser"/>
        <EditorIndex Value="9"/>
        <WindowIndex Value="1"/>
        <TopLine Value="262"/>
        <CursorPos Y="291"/>
        <UsageCount Value="202"/>
        <Loaded Value="True"/>
      </Unit21>
      <Unit22>
        <Filename Value="sintagma.pas"/>
        <IsPartOfProject Value="True"/>
        <UnitName Value="Sintagma"/>
        <EditorIndex Value="11"/>
        <WindowIndex Value="1"/>
        <TopLine Value="581"/>
        <CursorPos Y="600"/>
        <UsageCount Value="202"/>
        <Loaded Value="True"/>
      </Unit22>
      <Unit23>
        <Filename Value="C:\Users\rubio\AppData\Local\Temp\Rar$DIa0.812\frm1.pas"/>
        <EditorIndex Value="-1"/>
        <WindowIndex Value="1"/>
        <TopLine Value="81"/>
        <UsageCount Value="10"/>
      </Unit23>
      <Unit24>
        <Filename Value="C:\tools\lazarus\fpc\3.0.4\source\packages\fcl-db\src\base\dataset.inc"/>
        <EditorIndex Value="-1"/>
        <WindowIndex Value="1"/>
        <TopLine Value="1886"/>
        <CursorPos X="3" Y="1889"/>
        <UsageCount Value="3"/>
      </Unit24>
      <Unit25>
        <Filename Value="C:\tools\lazarus\lcl\lcltranslator.pas"/>
        <UnitName Value="LCLTranslator"/>
        <EditorIndex Value="-1"/>
        <WindowIndex Value="1"/>
        <TopLine Value="549"/>
        <CursorPos X="69" Y="504"/>
        <UsageCount Value="21"/>
      </Unit25>
      <Unit26>
        <Filename Value="C:\tools\lazarus\lcl\include\treeview.inc"/>
        <EditorIndex Value="3"/>
        <WindowIndex Value="1"/>
        <TopLine Value="5297"/>
        <CursorPos Y="5316"/>
        <UsageCount Value="22"/>
        <Loaded Value="True"/>
      </Unit26>
      <Unit27>
        <Filename Value="C:\tools\lazarus\lcl\comctrls.pp"/>
        <UnitName Value="ComCtrls"/>
        <EditorIndex Value="-1"/>
        <WindowIndex Value="1"/>
        <TopLine Value="2873"/>
        <CursorPos X="5" Y="2892"/>
        <UsageCount Value="7"/>
      </Unit27>
      <Unit28>
        <Filename Value="C:\tools\lazarus\fpc\3.0.4\source\packages\fcl-db\src\sqlite\customsqliteds.pas"/>
        <UnitName Value="CustomSqliteDS"/>
        <EditorIndex Value="-1"/>
        <WindowIndex Value="1"/>
        <TopLine Value="1159"/>
        <CursorPos Y="1178"/>
        <UsageCount Value="9"/>
      </Unit28>
      <Unit29>
        <Filename Value="C:\tools\lazarus\fpc\3.0.4\source\rtl\objpas\classes\lists.inc"/>
        <EditorIndex Value="-1"/>
        <WindowIndex Value="1"/>
        <TopLine Value="617"/>
        <CursorPos Y="636"/>
        <UsageCount Value="8"/>
      </Unit29>
      <Unit30>
        <Filename Value="C:\tools\lazarus\lcl\customtimer.pas"/>
        <UnitName Value="CustomTimer"/>
        <EditorIndex Value="-1"/>
        <WindowIndex Value="1"/>
        <TopLine Value="125"/>
        <CursorPos Y="144"/>
        <UsageCount Value="19"/>
      </Unit30>
      <Unit31>
        <Filename Value="C:\tools\lazarus\lcl\include\font.inc"/>
        <EditorIndex Value="14"/>
        <WindowIndex Value="1"/>
        <TopLine Value="1326"/>
        <CursorPos Y="1351"/>
        <UsageCount Value="19"/>
        <Loaded Value="True"/>
      </Unit31>
      <Unit32>
        <Filename Value="C:\tools\lazarus\lcl\include\customlabel.inc"/>
        <EditorIndex Value="12"/>
        <WindowIndex Value="1"/>
        <TopLine Value="59"/>
        <CursorPos Y="78"/>
        <UsageCount Value="19"/>
        <Loaded Value="True"/>
      </Unit32>
      <Unit33>
        <Filename Value="C:\tools\lazarus\fpc\3.0.4\source\packages\fcl-image\src\fphelper.inc"/>
        <EditorIndex Value="13"/>
        <WindowIndex Value="1"/>
        <TopLine Value="49"/>
        <CursorPos Y="68"/>
        <UsageCount Value="19"/>
        <Loaded Value="True"/>
      </Unit33>
      <Unit34>
        <Filename Value="C:\tools\lazarus\lcl\include\graphiccontrol.inc"/>
        <EditorIndex Value="-1"/>
        <WindowIndex Value="1"/>
        <TopLine Value="17"/>
        <CursorPos Y="36"/>
        <UsageCount Value="10"/>
      </Unit34>
      <Unit35>
        <Filename Value="C:\tools\lazarus\lcl\include\control.inc"/>
        <EditorIndex Value="-1"/>
        <WindowIndex Value="1"/>
        <TopLine Value="5014"/>
        <CursorPos Y="5033"/>
        <UsageCount Value="10"/>
      </Unit35>
      <Unit36>
        <Filename Value="C:\tools\lazarus\lcl\include\wincontrol.inc"/>
        <EditorIndex Value="-1"/>
        <WindowIndex Value="1"/>
        <TopLine Value="6315"/>
        <CursorPos Y="6334"/>
        <UsageCount Value="10"/>
      </Unit36>
      <Unit37>
        <Filename Value="C:\tools\lazarus\lcl\include\scrollingwincontrol.inc"/>
        <EditorIndex Value="-1"/>
        <WindowIndex Value="1"/>
        <TopLine Value="38"/>
        <CursorPos Y="57"/>
        <UsageCount Value="10"/>
      </Unit37>
    </Units>
    <JumpHistory Count="30" HistoryIndex="29">
      <Position1>
        <Filename Value="versiculo.pas"/>
        <Caret Line="188" Column="3" TopLine="184"/>
      </Position1>
      <Position2>
        <Filename Value="versiculo.pas"/>
        <Caret Line="194" Column="20" TopLine="184"/>
      </Position2>
      <Position3>
        <Filename Value="versiculo.pas"/>
        <Caret Line="201" Column="22" TopLine="184"/>
      </Position3>
      <Position4>
        <Filename Value="versiculo.pas"/>
        <Caret Line="351" Column="73" TopLine="319"/>
      </Position4>
      <Position5>
        <Filename Value="versiculo.pas"/>
        <Caret Line="194" Column="20" TopLine="175"/>
      </Position5>
      <Position6>
        <Filename Value="versiculo.pas"/>
        <Caret Line="201" Column="22" TopLine="175"/>
      </Position6>
      <Position7>
        <Filename Value="projeto.pas"/>
        <Caret Line="1371" Column="26" TopLine="1366"/>
      </Position7>
      <Position8>
        <Filename Value="projeto.pas"/>
        <Caret Line="1400" Column="3" TopLine="1366"/>
      </Position8>
      <Position9>
        <Filename Value="sintagma.pas"/>
        <Caret Line="568" TopLine="549"/>
      </Position9>
      <Position10>
        <Filename Value="versiculo.pas"/>
        <Caret Line="211" TopLine="192"/>
      </Position10>
      <Position11>
        <Filename Value="sintagma.pas"/>
        <Caret Line="569" Column="56" TopLine="549"/>
      </Position11>
      <Position12>
        <Filename Value="versiculo.pas"/>
        <Caret Line="213" Column="28" TopLine="192"/>
      </Position12>
      <Position13>
        <Filename Value="projeto.pas"/>
        <Caret Line="1399" TopLine="1366"/>
      </Position13>
      <Position14>
        <Filename Value="projeto.pas"/>
        <Caret Line="127" Column="60" TopLine="110"/>
      </Position14>
      <Position15>
        <Filename Value="projeto.pas"/>
        <Caret Line="878" Column="3" TopLine="889"/>
      </Position15>
      <Position16>
        <Filename Value="projeto.pas"/>
        <Caret Line="130" Column="60" TopLine="111"/>
      </Position16>
      <Position17>
        <Filename Value="projeto.pas"/>
        <Caret Line="971" TopLine="969"/>
      </Position17>
      <Position18>
        <Filename Value="projeto.pas"/>
        <Caret Line="1234" Column="39" TopLine="1229"/>
      </Position18>
      <Position19>
        <Filename Value="projeto.pas"/>
        <Caret Line="1335" Column="11" TopLine="1303"/>
      </Position19>
      <Position20>
        <Filename Value="projeto.pas"/>
        <Caret Line="1487" Column="11" TopLine="1455"/>
      </Position20>
      <Position21>
        <Filename Value="projeto.pas"/>
        <Caret Line="1527" Column="11" TopLine="1496"/>
      </Position21>
      <Position22>
        <Filename Value="projeto.pas"/>
        <Caret Line="89" Column="13" TopLine="72"/>
      </Position22>
      <Position23>
        <Filename Value="projeto.pas"/>
        <Caret Line="878" Column="41" TopLine="858"/>
      </Position23>
      <Position24>
        <Filename Value="projeto.pas"/>
        <Caret Line="1234" Column="39" TopLine="1214"/>
      </Position24>
      <Position25>
        <Filename Value="projeto.pas"/>
        <Caret Line="1335" Column="11" TopLine="1313"/>
      </Position25>
      <Position26>
        <Filename Value="projeto.pas"/>
        <Caret Line="1487" Column="11" TopLine="1455"/>
      </Position26>
      <Position27>
        <Filename Value="projeto.pas"/>
        <Caret Line="1527" Column="11" TopLine="1496"/>
      </Position27>
      <Position28>
        <Filename Value="projeto.pas"/>
        <Caret Line="89" Column="13" TopLine="72"/>
      </Position28>
      <Position29>
        <Filename Value="sintagma.pas"/>
        <Caret Line="568" TopLine="549"/>
      </Position29>
      <Position30>
        <Filename Value="sintagma.pas"/>
        <Caret Line="600" TopLine="581"/>
      </Position30>
    </JumpHistory>
  </ProjectOptions>
  <CompilerOptions>
    <Version Value="11"/>
    <PathDelim Value="\"/>
    <Target>
      <Filename Value="iBiblia"/>
    </Target>
    <SearchPaths>
      <IncludeFiles Value="$(ProjOutDir)"/>
      <Libraries Value="\usr\lib64"/>
      <UnitOutputDirectory Value="lib\$(TargetCPU)-$(TargetOS)"/>
    </SearchPaths>
    <CodeGeneration>
      <TargetCPU Value="x86_64"/>
    </CodeGeneration>
    <Linking>
      <Debugging>
        <DebugInfoType Value="dsDwarf2Set"/>
      </Debugging>
      <Options>
        <Win32>
          <GraphicApplication Value="True"/>
        </Win32>
      </Options>
    </Linking>
  </CompilerOptions>
  <Debugging>
    <BreakPoints Count="4">
      <Item1>
        <Kind Value="bpkSource"/>
        <WatchScope Value="wpsLocal"/>
        <WatchKind Value="wpkWrite"/>
        <Source Value="PCRE.pas"/>
        <Line Value="1709"/>
      </Item1>
      <Item2>
        <Kind Value="bpkSource"/>
        <WatchScope Value="wpsLocal"/>
        <WatchKind Value="wpkWrite"/>
        <Source Value="projeto.pas"/>
        <Line Value="907"/>
      </Item2>
      <Item3>
        <Kind Value="bpkSource"/>
        <WatchScope Value="wpsLocal"/>
        <WatchKind Value="wpkWrite"/>
        <Source Value="versiculo.pas"/>
        <Line Value="400"/>
      </Item3>
      <Item4>
        <Kind Value="bpkSource"/>
        <WatchScope Value="wpsLocal"/>
        <WatchKind Value="wpkWrite"/>
        <Source Value="formexportar.pas"/>
        <Line Value="118"/>
      </Item4>
    </BreakPoints>
    <Watches Count="1">
      <Item1>
        <Expression Value="v"/>
      </Item1>
    </Watches>
    <Exceptions Count="5">
      <Item1>
        <Name Value="EAbort"/>
      </Item1>
      <Item2>
        <Name Value="ECodetoolError"/>
      </Item2>
      <Item3>
        <Name Value="EFOpenError"/>
      </Item3>
      <Item4>
        <Name Value="EConvertError"/>
      </Item4>
      <Item5>
        <Name Value="ERegexException"/>
      </Item5>
    </Exceptions>
  </Debugging>
</CONFIG>
